
Microsoft Visual Studio Solution File, Format Version 12.00
# Visual Studio Version 17
VisualStudioVersion = 17.12.35707.178
MinimumVisualStudioVersion = 10.0.40219.1
Project("{8BC9CEB8-8B4A-11D0-8D11-00A0C91BC942}") = "mrklang", "mrklang\mrklang.vcxproj", "{A2DA9D60-5A99-4338-8332-5702F5E382DB}"
EndProject
Project("{8BC9CEB8-8B4A-11D0-8D11-00A0C91BC942}") = "tests", "tests\tests.vcxproj", "{8027E053-938B-48CF-9E92-5413261FDB4F}"
EndProject
Global
	GlobalSection(SolutionConfigurationPlatforms) = preSolution
		Debug|x64 = Debug|x64
		Debug|x86 = Debug|x86
		Release|x64 = Release|x64
		Release|x86 = Release|x86
	EndGlobalSection
	GlobalSection(ProjectConfigurationPlatforms) = postSolution
		{A2DA9D60-5A99-4338-8332-5702F5E382DB}.Debug|x64.ActiveCfg = Debug|x64
		{A2DA9D60-5A99-4338-8332-5702F5E382DB}.Debug|x64.Build.0 = Debug|x64
		{A2DA9D60-5A99-4338-8332-5702F5E382DB}.Debug|x86.ActiveCfg = Debug|Win32
		{A2DA9D60-5A99-4338-8332-5702F5E382DB}.Debug|x86.Build.0 = Debug|Win32
		{A2DA9D60-5A99-4338-8332-5702F5E382DB}.Release|x64.ActiveCfg = Release|x64
		{A2DA9D60-5A99-4338-8332-5702F5E382DB}.Release|x64.Build.0 = Release|x64
		{A2DA9D60-5A99-4338-8332-5702F5E382DB}.Release|x86.ActiveCfg = Release|Win32
		{A2DA9D60-5A99-4338-8332-5702F5E382DB}.Release|x86.Build.0 = Release|Win32
		{8027E053-938B-48CF-9E92-5413261FDB4F}.Debug|x64.ActiveCfg = Debug|x64
		{8027E053-938B-48CF-9E92-5413261FDB4F}.Debug|x64.Build.0 = Debug|x64
		{8027E053-938B-48CF-9E92-5413261FDB4F}.Debug|x86.ActiveCfg = Debug|Win32
		{8027E053-938B-48CF-9E92-5413261FDB4F}.Debug|x86.Build.0 = Debug|Win32
		{8027E053-938B-48CF-9E92-5413261FDB4F}.Release|x64.ActiveCfg = Release|x64
		{8027E053-938B-48CF-9E92-5413261FDB4F}.Release|x64.Build.0 = Release|x64
		{8027E053-938B-48CF-9E92-5413261FDB4F}.Release|x86.ActiveCfg = Release|Win32
		{8027E053-938B-48CF-9E92-5413261FDB4F}.Release|x86.Build.0 = Release|Win32
	EndGlobalSection
	GlobalSection(SolutionProperties) = preSolution
		HideSolutionNode = FALSE
	EndGlobalSection
EndGlobal
